{
    "_readme": [
        "This file locks the dependencies of your project to a known state",
        "Read more about it at https://getcomposer.org/doc/01-basic-usage.md#composer-lock-the-lock-file",
        "This file is @generated automatically"
    ],
    "content-hash": "02dba6463305103b25c0d4b6e5a1c0db",
    "packages": [
        {
            "name": "rogeriopradoj/codeigniter",
            "version": "dev-master",
            "source": {
                "type": "git",
                "url": "https://github.com/rogeriopradoj/codeigniter-composer.git",
                "reference": "b7531bf34347a8b37277a713a2e6cc28dba369e6"
            },
            "dist": {
                "type": "zip",
                "url": "https://api.github.com/repos/rogeriopradoj/codeigniter-composer/zipball/b7531bf34347a8b37277a713a2e6cc28dba369e6",
                "reference": "b7531bf34347a8b37277a713a2e6cc28dba369e6",
                "shasum": ""
            },
            "require": {
                "php": ">=5.2.4"
            },
            "type": "library",
            "notification-url": "https://packagist.org/downloads/",
            "license": [
                "OSL-3.0"
            ],
            "description": "A way to install CodeIgniter via composer",
            "time": "2014-11-03 11:33:53"
        }
    ],
    "packages-dev": [],
    "aliases": [],
    "minimum-stability": "stable",
    "stability-flags": {
        "rogeriopradoj/codeigniter": 20
    },
    "prefer-stable": false,
    "prefer-lowest": false,
    "platform": [],
    "platform-dev": []
}
